
Microsoft Visual Studio Solution File, Format Version 12.00
# Visual Studio 15
VisualStudioVersion = 15.0.28010.2003
MinimumVisualStudioVersion = 10.0.40219.1
Project("{FAE04EC0-301F-11D3-BF4B-00C04F79EFBC}") = "XMLFormatter", "VS-XMLFormatter\XMLFormatter.csproj", "{220547AE-9DBD-4FD7-8277-12FD1003222C}"
EndProject
Global
	GlobalSection(SolutionConfigurationPlatforms) = preSolution
		Debug|Any CPU = Debug|Any CPU
		Release|Any CPU = Release|Any CPU
	EndGlobalSection
	GlobalSection(ProjectConfigurationPlatforms) = postSolution
		{220547AE-9DBD-4FD7-8277-12FD1003222C}.Debug|Any CPU.ActiveCfg = Debug|Any CPU
		{220547AE-9DBD-4FD7-8277-12FD1003222C}.Debug|Any CPU.Build.0 = Debug|Any CPU
		{220547AE-9DBD-4FD7-8277-12FD1003222C}.Release|Any CPU.ActiveCfg = Release|Any CPU
		{220547AE-9DBD-4FD7-8277-12FD1003222C}.Release|Any CPU.Build.0 = Release|Any CPU
	EndGlobalSection
	GlobalSection(SolutionProperties) = preSolution
		HideSolutionNode = FALSE
	EndGlobalSection
	GlobalSection(ExtensibilityGlobals) = postSolution
		SolutionGuid = {44CDB1A3-7233-4701-B284-A49FA61C966B}
	EndGlobalSection
EndGlobal
